
Microsoft Visual Studio Solution File, Format Version 12.00
# Visual Studio Version 17
VisualStudioVersion = 17.0.32014.148
MinimumVisualStudioVersion = 10.0.40219.1
Project("{9A19103F-16F7-4668-BE54-9A1E7A4F7556}") = "Forum", "Forum\Forum.csproj", "{375F8F3F-A040-4691-9234-04F2156F4840}"
EndProject
Project("{FAE04EC0-301F-11D3-BF4B-00C04F79EFBC}") = "Forum.Test", "Forum.Test\Forum.Test.csproj", "{9F031CE7-5F0A-4627-87B1-783185415A36}"
EndProject
Global
	GlobalSection(SolutionConfigurationPlatforms) = preSolution
		Debug|Any CPU = Debug|Any CPU
		Release|Any CPU = Release|Any CPU
	EndGlobalSection
	GlobalSection(ProjectConfigurationPlatforms) = postSolution
		{375F8F3F-A040-4691-9234-04F2156F4840}.Debug|Any CPU.ActiveCfg = Debug|Any CPU
		{375F8F3F-A040-4691-9234-04F2156F4840}.Debug|Any CPU.Build.0 = Debug|Any CPU
		{375F8F3F-A040-4691-9234-04F2156F4840}.Release|Any CPU.ActiveCfg = Release|Any CPU
		{375F8F3F-A040-4691-9234-04F2156F4840}.Release|Any CPU.Build.0 = Release|Any CPU
		{9F031CE7-5F0A-4627-87B1-783185415A36}.Debug|Any CPU.ActiveCfg = Debug|Any CPU
		{9F031CE7-5F0A-4627-87B1-783185415A36}.Debug|Any CPU.Build.0 = Debug|Any CPU
		{9F031CE7-5F0A-4627-87B1-783185415A36}.Release|Any CPU.ActiveCfg = Release|Any CPU
		{9F031CE7-5F0A-4627-87B1-783185415A36}.Release|Any CPU.Build.0 = Release|Any CPU
	EndGlobalSection
	GlobalSection(SolutionProperties) = preSolution
		HideSolutionNode = FALSE
	EndGlobalSection
	GlobalSection(ExtensibilityGlobals) = postSolution
		SolutionGuid = {ECE6A7FA-F785-4D35-9446-94BE01D0FF26}
	EndGlobalSection
EndGlobal
